{
  "name": "virtual-yoga-app",
  "version": "1.0.0",
  "lockfileVersion": 1,
  "requires": true,
  "dependencies": {
    "chart.js": {
      "version": "3.6.1",
      "resolved": "https://registry.npmjs.org/chart.js/-/chart.js-3.6.1.tgz",
      "integrity": "sha512-AycnixR0I325Fp3bqQ7wRJbkIJPwz/9IZtUBvdBWMjK5+nKCy6FZ3VejkDTtB9udePEXNt1UYoGTsNL49JoIbg=="
    },
    "react-chartjs-2": {
      "version": "4.0.0",
      "resolved": "https://registry.npmjs.org/react-chartjs-2/-/react-chartjs-2-4.0.0.tgz",
      "integrity": "sha512-0kx41EVO6wIoeU6zvdwovX9kKcdrs7O62DGTSNmwAXZeLGJ3U+n4XijO1kxcMmAi4I6PQJWGD5oRwxVixHSp6g=="
    }
  }
}
